// !$*UTF8*$!
{
	archiveVersion = 1;
	classes = {
	};
	objectVersion = 50;
	objects = {

/* Begin PBXBuildFile section */
		9A1BA60925B10084007F9AF4 /* CGFloatExtension.swift in Sources */ = {isa = PBXBuildFile; fileRef = 9A1BA60825B10084007F9AF4 /* CGFloatExtension.swift */; };
		9A2F485725A3EA880043A2A6 /* AppDelegate.swift in Sources */ = {isa = PBXBuildFile; fileRef = 9A2F485625A3EA880043A2A6 /* AppDelegate.swift */; };
		9A2F485925A3EA880043A2A6 /* SceneDelegate.swift in Sources */ = {isa = PBXBuildFile; fileRef = 9A2F485825A3EA880043A2A6 /* SceneDelegate.swift */; };
		9A2F485B25A3EA880043A2A6 /* ViewController.swift in Sources */ = {isa = PBXBuildFile; fileRef = 9A2F485A25A3EA880043A2A6 /* ViewController.swift */; };
		9A2F485E25A3EA880043A2A6 /* Main.storyboard in Resources */ = {isa = PBXBuildFile; fileRef = 9A2F485C25A3EA880043A2A6 /* Main.storyboard */; };
		9A2F486025A3EA8F0043A2A6 /* Assets.xcassets in Resources */ = {isa = PBXBuildFile; fileRef = 9A2F485F25A3EA8F0043A2A6 /* Assets.xcassets */; };
		9A2F486325A3EA8F0043A2A6 /* LaunchScreen.storyboard in Resources */ = {isa = PBXBuildFile; fileRef = 9A2F486125A3EA8F0043A2A6 /* LaunchScreen.storyboard */; };
		9A2F486E25A3EA8F0043A2A6 /* AcessibilityFaceMovimentBRTests.swift in Sources */ = {isa = PBXBuildFile; fileRef = 9A2F486D25A3EA8F0043A2A6 /* AcessibilityFaceMovimentBRTests.swift */; };
		9A2F487E25A3F1A80043A2A6 /* UIImage+ImagesResources.swift in Sources */ = {isa = PBXBuildFile; fileRef = 9A2F487D25A3F1A80043A2A6 /* UIImage+ImagesResources.swift */; };
		9A49E76F25A7C52800F39BB9 /* AccessibilityFaceAnchor.swift in Sources */ = {isa = PBXBuildFile; fileRef = 9A49E76E25A7C52800F39BB9 /* AccessibilityFaceAnchor.swift */; };
		9A49E77525A7CAD300F39BB9 /* MoveCursorProtocol.swift in Sources */ = {isa = PBXBuildFile; fileRef = 9A49E77425A7CAD300F39BB9 /* MoveCursorProtocol.swift */; };
		9A4EDF9E25AD275300DC97DA /* MoveCursorFaceAnchor.swift in Sources */ = {isa = PBXBuildFile; fileRef = 9A4EDF9D25AD275300DC97DA /* MoveCursorFaceAnchor.swift */; };
		9A4EDFA125AD2BE300DC97DA /* MovimentDirection.swift in Sources */ = {isa = PBXBuildFile; fileRef = 9A4EDFA025AD2BE300DC97DA /* MovimentDirection.swift */; };
		9A4EDFA525AD303000DC97DA /* LimitedScreen.swift in Sources */ = {isa = PBXBuildFile; fileRef = 9A4EDFA425AD303000DC97DA /* LimitedScreen.swift */; };
		9A58CE5125AA6F1500948A06 /* Assets.swift in Sources */ = {isa = PBXBuildFile; fileRef = 9A58CE5025AA6F1500948A06 /* Assets.swift */; };
		9A58CE5325AA6FD400948A06 /* Constants.swift in Sources */ = {isa = PBXBuildFile; fileRef = 9A58CE5225AA6FD300948A06 /* Constants.swift */; };
		9A5E811A25D02E7A00B58861 /* TypeStartAction.swift in Sources */ = {isa = PBXBuildFile; fileRef = 9A5E811925D02E7A00B58861 /* TypeStartAction.swift */; };
		9A5E811C25D02EE800B58861 /* ActionInView.swift in Sources */ = {isa = PBXBuildFile; fileRef = 9A5E811B25D02EE800B58861 /* ActionInView.swift */; };
		9A5E811E25D02EFC00B58861 /* ActionProtocol.swift in Sources */ = {isa = PBXBuildFile; fileRef = 9A5E811D25D02EFC00B58861 /* ActionProtocol.swift */; };
		9A5E812025D02FD500B58861 /* ViewAction.swift in Sources */ = {isa = PBXBuildFile; fileRef = 9A5E811F25D02FD500B58861 /* ViewAction.swift */; };
		9A5E812225D031CC00B58861 /* UIVIew+Position.swift in Sources */ = {isa = PBXBuildFile; fileRef = 9A5E812125D031CC00B58861 /* UIVIew+Position.swift */; };
		9AB086A025D4A81E00DF37C7 /* Position.swift in Sources */ = {isa = PBXBuildFile; fileRef = 9AB0869F25D4A81E00DF37C7 /* Position.swift */; };
		A0770479EFD2B2BF5D4A61C0 /* Pods_AcessibilityFaceMovimentBRTests.framework in Frameworks */ = {isa = PBXBuildFile; fileRef = 1A6524D84D03E0513A22BF13 /* Pods_AcessibilityFaceMovimentBRTests.framework */; };
		C8335635C543761D60B5302B /* Pods_AcessibilityFaceMovimentBR.framework in Frameworks */ = {isa = PBXBuildFile; fileRef = F628952DC4CA9110355D4E49 /* Pods_AcessibilityFaceMovimentBR.framework */; };
/* End PBXBuildFile section */

/* Begin PBXContainerItemProxy section */
		9A2F486A25A3EA8F0043A2A6 /* PBXContainerItemProxy */ = {
			isa = PBXContainerItemProxy;
			containerPortal = 9A2F484B25A3EA880043A2A6 /* Project object */;
			proxyType = 1;
			remoteGlobalIDString = 9A2F485225A3EA880043A2A6;
			remoteInfo = AcessibilityFaceMovimentBR;
		};
/* End PBXContainerItemProxy section */

/* Begin PBXFileReference section */
		1A6524D84D03E0513A22BF13 /* Pods_AcessibilityFaceMovimentBRTests.framework */ = {isa = PBXFileReference; explicitFileType = wrapper.framework; includeInIndex = 0; path = Pods_AcessibilityFaceMovimentBRTests.framework; sourceTree = BUILT_PRODUCTS_DIR; };
		36F416FDD173D9B3E365F6B3 /* Pods-AcessibilityFaceMovimentBRTests.debug.xcconfig */ = {isa = PBXFileReference; includeInIndex = 1; lastKnownFileType = text.xcconfig; name = "Pods-AcessibilityFaceMovimentBRTests.debug.xcconfig"; path = "Target Support Files/Pods-AcessibilityFaceMovimentBRTests/Pods-AcessibilityFaceMovimentBRTests.debug.xcconfig"; sourceTree = "<group>"; };
		9A1BA60825B10084007F9AF4 /* CGFloatExtension.swift */ = {isa = PBXFileReference; lastKnownFileType = sourcecode.swift; path = CGFloatExtension.swift; sourceTree = "<group>"; };
		9A2F485325A3EA880043A2A6 /* AcessibilityFaceMovimentBR.app */ = {isa = PBXFileReference; explicitFileType = wrapper.application; includeInIndex = 0; path = AcessibilityFaceMovimentBR.app; sourceTree = BUILT_PRODUCTS_DIR; };
		9A2F485625A3EA880043A2A6 /* AppDelegate.swift */ = {isa = PBXFileReference; lastKnownFileType = sourcecode.swift; path = AppDelegate.swift; sourceTree = "<group>"; };
		9A2F485825A3EA880043A2A6 /* SceneDelegate.swift */ = {isa = PBXFileReference; lastKnownFileType = sourcecode.swift; path = SceneDelegate.swift; sourceTree = "<group>"; };
		9A2F485A25A3EA880043A2A6 /* ViewController.swift */ = {isa = PBXFileReference; lastKnownFileType = sourcecode.swift; path = ViewController.swift; sourceTree = "<group>"; };
		9A2F485D25A3EA880043A2A6 /* Base */ = {isa = PBXFileReference; lastKnownFileType = file.storyboard; name = Base; path = Base.lproj/Main.storyboard; sourceTree = "<group>"; };
		9A2F485F25A3EA8F0043A2A6 /* Assets.xcassets */ = {isa = PBXFileReference; lastKnownFileType = folder.assetcatalog; path = Assets.xcassets; sourceTree = "<group>"; };
		9A2F486225A3EA8F0043A2A6 /* Base */ = {isa = PBXFileReference; lastKnownFileType = file.storyboard; name = Base; path = Base.lproj/LaunchScreen.storyboard; sourceTree = "<group>"; };
		9A2F486425A3EA8F0043A2A6 /* Info.plist */ = {isa = PBXFileReference; lastKnownFileType = text.plist.xml; name = Info.plist; path = AcessibilityFaceMovimentBR/SupportFiles/Info.plist; sourceTree = SOURCE_ROOT; };
		9A2F486925A3EA8F0043A2A6 /* AcessibilityFaceMovimentBRTests.xctest */ = {isa = PBXFileReference; explicitFileType = wrapper.cfbundle; includeInIndex = 0; path = AcessibilityFaceMovimentBRTests.xctest; sourceTree = BUILT_PRODUCTS_DIR; };
		9A2F486D25A3EA8F0043A2A6 /* AcessibilityFaceMovimentBRTests.swift */ = {isa = PBXFileReference; lastKnownFileType = sourcecode.swift; path = AcessibilityFaceMovimentBRTests.swift; sourceTree = "<group>"; };
		9A2F486F25A3EA8F0043A2A6 /* Info.plist */ = {isa = PBXFileReference; lastKnownFileType = text.plist.xml; path = Info.plist; sourceTree = "<group>"; };
		9A2F487D25A3F1A80043A2A6 /* UIImage+ImagesResources.swift */ = {isa = PBXFileReference; lastKnownFileType = sourcecode.swift; path = "UIImage+ImagesResources.swift"; sourceTree = "<group>"; };
		9A49E76E25A7C52800F39BB9 /* AccessibilityFaceAnchor.swift */ = {isa = PBXFileReference; lastKnownFileType = sourcecode.swift; path = AccessibilityFaceAnchor.swift; sourceTree = "<group>"; };
		9A49E77425A7CAD300F39BB9 /* MoveCursorProtocol.swift */ = {isa = PBXFileReference; lastKnownFileType = sourcecode.swift; path = MoveCursorProtocol.swift; sourceTree = "<group>"; };
		9A4EDF9D25AD275300DC97DA /* MoveCursorFaceAnchor.swift */ = {isa = PBXFileReference; lastKnownFileType = sourcecode.swift; path = MoveCursorFaceAnchor.swift; sourceTree = "<group>"; };
		9A4EDFA025AD2BE300DC97DA /* MovimentDirection.swift */ = {isa = PBXFileReference; lastKnownFileType = sourcecode.swift; path = MovimentDirection.swift; sourceTree = "<group>"; };
		9A4EDFA425AD303000DC97DA /* LimitedScreen.swift */ = {isa = PBXFileReference; lastKnownFileType = sourcecode.swift; path = LimitedScreen.swift; sourceTree = "<group>"; };
		9A58CE5025AA6F1500948A06 /* Assets.swift */ = {isa = PBXFileReference; lastKnownFileType = sourcecode.swift; path = Assets.swift; sourceTree = "<group>"; };
		9A58CE5225AA6FD300948A06 /* Constants.swift */ = {isa = PBXFileReference; lastKnownFileType = sourcecode.swift; path = Constants.swift; sourceTree = "<group>"; };
		9A5E811925D02E7A00B58861 /* TypeStartAction.swift */ = {isa = PBXFileReference; lastKnownFileType = sourcecode.swift; path = TypeStartAction.swift; sourceTree = "<group>"; };
		9A5E811B25D02EE800B58861 /* ActionInView.swift */ = {isa = PBXFileReference; lastKnownFileType = sourcecode.swift; path = ActionInView.swift; sourceTree = "<group>"; };
		9A5E811D25D02EFC00B58861 /* ActionProtocol.swift */ = {isa = PBXFileReference; lastKnownFileType = sourcecode.swift; path = ActionProtocol.swift; sourceTree = "<group>"; };
		9A5E811F25D02FD500B58861 /* ViewAction.swift */ = {isa = PBXFileReference; lastKnownFileType = sourcecode.swift; path = ViewAction.swift; sourceTree = "<group>"; };
		9A5E812125D031CC00B58861 /* UIVIew+Position.swift */ = {isa = PBXFileReference; fileEncoding = 4; lastKnownFileType = sourcecode.swift; path = "UIVIew+Position.swift"; sourceTree = "<group>"; };
		9AB0869F25D4A81E00DF37C7 /* Position.swift */ = {isa = PBXFileReference; lastKnownFileType = sourcecode.swift; path = Position.swift; sourceTree = "<group>"; };
		9CA8C3FDF5F9C4E736F9F0A1 /* Pods-AcessibilityFaceMovimentBR.debug.xcconfig */ = {isa = PBXFileReference; includeInIndex = 1; lastKnownFileType = text.xcconfig; name = "Pods-AcessibilityFaceMovimentBR.debug.xcconfig"; path = "Target Support Files/Pods-AcessibilityFaceMovimentBR/Pods-AcessibilityFaceMovimentBR.debug.xcconfig"; sourceTree = "<group>"; };
		A23B29D2B6A7E8BF9CAEFE40 /* Pods-AcessibilityFaceMovimentBRTests.release.xcconfig */ = {isa = PBXFileReference; includeInIndex = 1; lastKnownFileType = text.xcconfig; name = "Pods-AcessibilityFaceMovimentBRTests.release.xcconfig"; path = "Target Support Files/Pods-AcessibilityFaceMovimentBRTests/Pods-AcessibilityFaceMovimentBRTests.release.xcconfig"; sourceTree = "<group>"; };
		BAA48ED0EA9DADD247F51A8C /* Pods-AcessibilityFaceMovimentBR.release.xcconfig */ = {isa = PBXFileReference; includeInIndex = 1; lastKnownFileType = text.xcconfig; name = "Pods-AcessibilityFaceMovimentBR.release.xcconfig"; path = "Target Support Files/Pods-AcessibilityFaceMovimentBR/Pods-AcessibilityFaceMovimentBR.release.xcconfig"; sourceTree = "<group>"; };
		F628952DC4CA9110355D4E49 /* Pods_AcessibilityFaceMovimentBR.framework */ = {isa = PBXFileReference; explicitFileType = wrapper.framework; includeInIndex = 0; path = Pods_AcessibilityFaceMovimentBR.framework; sourceTree = BUILT_PRODUCTS_DIR; };
/* End PBXFileReference section */

/* Begin PBXFrameworksBuildPhase section */
		9A2F485025A3EA880043A2A6 /* Frameworks */ = {
			isa = PBXFrameworksBuildPhase;
			buildActionMask = 2147483647;
			files = (
				C8335635C543761D60B5302B /* Pods_AcessibilityFaceMovimentBR.framework in Frameworks */,
			);
			runOnlyForDeploymentPostprocessing = 0;
		};
		9A2F486625A3EA8F0043A2A6 /* Frameworks */ = {
			isa = PBXFrameworksBuildPhase;
			buildActionMask = 2147483647;
			files = (
				A0770479EFD2B2BF5D4A61C0 /* Pods_AcessibilityFaceMovimentBRTests.framework in Frameworks */,
			);
			runOnlyForDeploymentPostprocessing = 0;
		};
/* End PBXFrameworksBuildPhase section */

/* Begin PBXGroup section */
		4AAFF43EE1C5EE1EDA2C4A92 /* Frameworks */ = {
			isa = PBXGroup;
			children = (
				F628952DC4CA9110355D4E49 /* Pods_AcessibilityFaceMovimentBR.framework */,
				1A6524D84D03E0513A22BF13 /* Pods_AcessibilityFaceMovimentBRTests.framework */,
			);
			name = Frameworks;
			sourceTree = "<group>";
		};
		9A1BA60725B10075007F9AF4 /* Extension */ = {
			isa = PBXGroup;
			children = (
				9A1BA60825B10084007F9AF4 /* CGFloatExtension.swift */,
			);
			path = Extension;
			sourceTree = "<group>";
		};
		9A2F484A25A3EA880043A2A6 = {
			isa = PBXGroup;
			children = (
				9A2F485525A3EA880043A2A6 /* AcessibilityFaceMovimentBR */,
				9A2F486C25A3EA8F0043A2A6 /* AcessibilityFaceMovimentBRTests */,
				9A2F485425A3EA880043A2A6 /* Products */,
				A3C6FF0FCB5FB5D72B260713 /* Pods */,
				4AAFF43EE1C5EE1EDA2C4A92 /* Frameworks */,
			);
			sourceTree = "<group>";
		};
		9A2F485425A3EA880043A2A6 /* Products */ = {
			isa = PBXGroup;
			children = (
				9A2F485325A3EA880043A2A6 /* AcessibilityFaceMovimentBR.app */,
				9A2F486925A3EA8F0043A2A6 /* AcessibilityFaceMovimentBRTests.xctest */,
			);
			name = Products;
			sourceTree = "<group>";
		};
		9A2F485525A3EA880043A2A6 /* AcessibilityFaceMovimentBR */ = {
			isa = PBXGroup;
			children = (
				9A2F488325A3F22B0043A2A6 /* Common */,
				9A2F487B25A3F1580043A2A6 /* AcessobilitaFace */,
				9A2F487C25A3F16F0043A2A6 /* Resources */,
				9A2F487925A3F04D0043A2A6 /* SupportFiles */,
			);
			path = AcessibilityFaceMovimentBR;
			sourceTree = "<group>";
		};
		9A2F486C25A3EA8F0043A2A6 /* AcessibilityFaceMovimentBRTests */ = {
			isa = PBXGroup;
			children = (
				9A2F486D25A3EA8F0043A2A6 /* AcessibilityFaceMovimentBRTests.swift */,
				9A2F486F25A3EA8F0043A2A6 /* Info.plist */,
			);
			path = AcessibilityFaceMovimentBRTests;
			sourceTree = "<group>";
		};
		9A2F487925A3F04D0043A2A6 /* SupportFiles */ = {
			isa = PBXGroup;
			children = (
				9A2F488B25A3F5E80043A2A6 /* Configuration */,
				9A2F486425A3EA8F0043A2A6 /* Info.plist */,
				9A2F486125A3EA8F0043A2A6 /* LaunchScreen.storyboard */,
				9A2F485625A3EA880043A2A6 /* AppDelegate.swift */,
				9A2F485825A3EA880043A2A6 /* SceneDelegate.swift */,
			);
			path = SupportFiles;
			sourceTree = "<group>";
		};
		9A2F487B25A3F1580043A2A6 /* AcessobilitaFace */ = {
			isa = PBXGroup;
			children = (
				9A2F488725A3F2EA0043A2A6 /* Core */,
				9A2F488525A3F2680043A2A6 /* Auxiliaries */,
				9A2F488425A3F23B0043A2A6 /* Exemple */,
			);
			path = AcessobilitaFace;
			sourceTree = "<group>";
		};
		9A2F487C25A3F16F0043A2A6 /* Resources */ = {
			isa = PBXGroup;
			children = (
				9A2F485F25A3EA8F0043A2A6 /* Assets.xcassets */,
				9A2F487D25A3F1A80043A2A6 /* UIImage+ImagesResources.swift */,
			);
			path = Resources;
			sourceTree = "<group>";
		};
		9A2F488325A3F22B0043A2A6 /* Common */ = {
			isa = PBXGroup;
			children = (
			);
			path = Common;
			sourceTree = "<group>";
		};
		9A2F488425A3F23B0043A2A6 /* Exemple */ = {
			isa = PBXGroup;
			children = (
				9A2F485A25A3EA880043A2A6 /* ViewController.swift */,
				9A2F485C25A3EA880043A2A6 /* Main.storyboard */,
			);
			path = Exemple;
			sourceTree = "<group>";
		};
		9A2F488525A3F2680043A2A6 /* Auxiliaries */ = {
			isa = PBXGroup;
			children = (
				9A59BD9C25CEDDCD001F8285 /* UI */,
				9A1BA60725B10075007F9AF4 /* Extension */,
				9A4EDF9F25AD2BD300DC97DA /* Enuns */,
				9A4EDF9C25AD272800DC97DA /* Transformer */,
				9A58CE4F25AA6F0700948A06 /* Constants */,
				9A49E77325A7C72300F39BB9 /* Protocols */,
				9A5E811F25D02FD500B58861 /* ViewAction.swift */,
			);
			path = Auxiliaries;
			sourceTree = "<group>";
		};
		9A2F488725A3F2EA0043A2A6 /* Core */ = {
			isa = PBXGroup;
			children = (
				9A49E76E25A7C52800F39BB9 /* AccessibilityFaceAnchor.swift */,
			);
			path = Core;
			sourceTree = "<group>";
		};
		9A2F488B25A3F5E80043A2A6 /* Configuration */ = {
			isa = PBXGroup;
			children = (
			);
			path = Configuration;
			sourceTree = "<group>";
		};
		9A49E77325A7C72300F39BB9 /* Protocols */ = {
			isa = PBXGroup;
			children = (
				9A49E77425A7CAD300F39BB9 /* MoveCursorProtocol.swift */,
				9A5E811D25D02EFC00B58861 /* ActionProtocol.swift */,
			);
			path = Protocols;
			sourceTree = "<group>";
		};
		9A4EDF9C25AD272800DC97DA /* Transformer */ = {
			isa = PBXGroup;
			children = (
				9A4EDF9D25AD275300DC97DA /* MoveCursorFaceAnchor.swift */,
				9A5E811B25D02EE800B58861 /* ActionInView.swift */,
				9AB0869F25D4A81E00DF37C7 /* Position.swift */,
			);
			path = Transformer;
			sourceTree = "<group>";
		};
		9A4EDF9F25AD2BD300DC97DA /* Enuns */ = {
			isa = PBXGroup;
			children = (
				9A4EDFA025AD2BE300DC97DA /* MovimentDirection.swift */,
				9A4EDFA425AD303000DC97DA /* LimitedScreen.swift */,
				9A5E811925D02E7A00B58861 /* TypeStartAction.swift */,
			);
			path = Enuns;
			sourceTree = "<group>";
		};
		9A58CE4F25AA6F0700948A06 /* Constants */ = {
			isa = PBXGroup;
			children = (
				9A58CE5025AA6F1500948A06 /* Assets.swift */,
				9A58CE5225AA6FD300948A06 /* Constants.swift */,
			);
			path = Constants;
			sourceTree = "<group>";
		};
		9A59BD9C25CEDDCD001F8285 /* UI */ = {
			isa = PBXGroup;
			children = (
				9A5E812125D031CC00B58861 /* UIVIew+Position.swift */,
			);
			path = UI;
			sourceTree = "<group>";
		};
		A3C6FF0FCB5FB5D72B260713 /* Pods */ = {
			isa = PBXGroup;
			children = (
				9CA8C3FDF5F9C4E736F9F0A1 /* Pods-AcessibilityFaceMovimentBR.debug.xcconfig */,
				BAA48ED0EA9DADD247F51A8C /* Pods-AcessibilityFaceMovimentBR.release.xcconfig */,
				36F416FDD173D9B3E365F6B3 /* Pods-AcessibilityFaceMovimentBRTests.debug.xcconfig */,
				A23B29D2B6A7E8BF9CAEFE40 /* Pods-AcessibilityFaceMovimentBRTests.release.xcconfig */,
			);
			path = Pods;
			sourceTree = "<group>";
		};
/* End PBXGroup section */

/* Begin PBXNativeTarget section */
		9A2F485225A3EA880043A2A6 /* AcessibilityFaceMovimentBR */ = {
			isa = PBXNativeTarget;
			buildConfigurationList = 9A2F487225A3EA8F0043A2A6 /* Build configuration list for PBXNativeTarget "AcessibilityFaceMovimentBR" */;
			buildPhases = (
				060B679C5790CDA68CFE5188 /* [CP] Check Pods Manifest.lock */,
				9A2F484F25A3EA880043A2A6 /* Sources */,
				9A2F485025A3EA880043A2A6 /* Frameworks */,
				9A2F485125A3EA880043A2A6 /* Resources */,
				9A2F487825A3EFDD0043A2A6 /* SwiftLint */,
			);
			buildRules = (
			);
			dependencies = (
			);
			name = AcessibilityFaceMovimentBR;
			productName = AcessibilityFaceMovimentBR;
			productReference = 9A2F485325A3EA880043A2A6 /* AcessibilityFaceMovimentBR.app */;
			productType = "com.apple.product-type.application";
		};
		9A2F486825A3EA8F0043A2A6 /* AcessibilityFaceMovimentBRTests */ = {
			isa = PBXNativeTarget;
			buildConfigurationList = 9A2F487525A3EA8F0043A2A6 /* Build configuration list for PBXNativeTarget "AcessibilityFaceMovimentBRTests" */;
			buildPhases = (
				C9BB3A91E19F668AB2756FC9 /* [CP] Check Pods Manifest.lock */,
				9A2F486525A3EA8F0043A2A6 /* Sources */,
				9A2F486625A3EA8F0043A2A6 /* Frameworks */,
				9A2F486725A3EA8F0043A2A6 /* Resources */,
				9A2F488825A3F3ED0043A2A6 /* SwiftLint */,
			);
			buildRules = (
			);
			dependencies = (
				9A2F486B25A3EA8F0043A2A6 /* PBXTargetDependency */,
			);
			name = AcessibilityFaceMovimentBRTests;
			productName = AcessibilityFaceMovimentBRTests;
			productReference = 9A2F486925A3EA8F0043A2A6 /* AcessibilityFaceMovimentBRTests.xctest */;
			productType = "com.apple.product-type.bundle.unit-test";
		};
/* End PBXNativeTarget section */

/* Begin PBXProject section */
		9A2F484B25A3EA880043A2A6 /* Project object */ = {
			isa = PBXProject;
			attributes = {
				LastSwiftUpdateCheck = 1170;
				LastUpgradeCheck = 1170;
				ORGANIZATIONNAME = "Joao Batista";
				TargetAttributes = {
					9A2F485225A3EA880043A2A6 = {
						CreatedOnToolsVersion = 11.7;
					};
					9A2F486825A3EA8F0043A2A6 = {
						CreatedOnToolsVersion = 11.7;
						TestTargetID = 9A2F485225A3EA880043A2A6;
					};
				};
			};
			buildConfigurationList = 9A2F484E25A3EA880043A2A6 /* Build configuration list for PBXProject "AcessibilityFaceMovimentBR" */;
			compatibilityVersion = "Xcode 9.3";
			developmentRegion = en;
			hasScannedForEncodings = 0;
			knownRegions = (
				en,
				Base,
			);
			mainGroup = 9A2F484A25A3EA880043A2A6;
			productRefGroup = 9A2F485425A3EA880043A2A6 /* Products */;
			projectDirPath = "";
			projectRoot = "";
			targets = (
				9A2F485225A3EA880043A2A6 /* AcessibilityFaceMovimentBR */,
				9A2F486825A3EA8F0043A2A6 /* AcessibilityFaceMovimentBRTests */,
			);
		};
/* End PBXProject section */

/* Begin PBXResourcesBuildPhase section */
		9A2F485125A3EA880043A2A6 /* Resources */ = {
			isa = PBXResourcesBuildPhase;
			buildActionMask = 2147483647;
			files = (
				9A2F486325A3EA8F0043A2A6 /* LaunchScreen.storyboard in Resources */,
				9A2F486025A3EA8F0043A2A6 /* Assets.xcassets in Resources */,
				9A2F485E25A3EA880043A2A6 /* Main.storyboard in Resources */,
			);
			runOnlyForDeploymentPostprocessing = 0;
		};
		9A2F486725A3EA8F0043A2A6 /* Resources */ = {
			isa = PBXResourcesBuildPhase;
			buildActionMask = 2147483647;
			files = (
			);
			runOnlyForDeploymentPostprocessing = 0;
		};
/* End PBXResourcesBuildPhase section */

/* Begin PBXShellScriptBuildPhase section */
		060B679C5790CDA68CFE5188 /* [CP] Check Pods Manifest.lock */ = {
			isa = PBXShellScriptBuildPhase;
			buildActionMask = 2147483647;
			files = (
			);
			inputFileListPaths = (
			);
			inputPaths = (
				"${PODS_PODFILE_DIR_PATH}/Podfile.lock",
				"${PODS_ROOT}/Manifest.lock",
			);
			name = "[CP] Check Pods Manifest.lock";
			outputFileListPaths = (
			);
			outputPaths = (
				"$(DERIVED_FILE_DIR)/Pods-AcessibilityFaceMovimentBR-checkManifestLockResult.txt",
			);
			runOnlyForDeploymentPostprocessing = 0;
			shellPath = /bin/sh;
			shellScript = "diff \"${PODS_PODFILE_DIR_PATH}/Podfile.lock\" \"${PODS_ROOT}/Manifest.lock\" > /dev/null\nif [ $? != 0 ] ; then\n    # print error to STDERR\n    echo \"error: The sandbox is not in sync with the Podfile.lock. Run 'pod install' or update your CocoaPods installation.\" >&2\n    exit 1\nfi\n# This output is used by Xcode 'outputs' to avoid re-running this script phase.\necho \"SUCCESS\" > \"${SCRIPT_OUTPUT_FILE_0}\"\n";
			showEnvVarsInLog = 0;
		};
		9A2F487825A3EFDD0043A2A6 /* SwiftLint */ = {
			isa = PBXShellScriptBuildPhase;
			buildActionMask = 2147483647;
			files = (
			);
			inputFileListPaths = (
			);
			inputPaths = (
			);
			name = SwiftLint;
			outputFileListPaths = (
			);
			outputPaths = (
			);
			runOnlyForDeploymentPostprocessing = 0;
			shellPath = /bin/sh;
			shellScript = "# Type a script or drag a script file from your workspace to insert its path.\n\"${PODS_ROOT}/SwiftLint/swiftlint\"\n";
		};
		9A2F488825A3F3ED0043A2A6 /* SwiftLint */ = {
			isa = PBXShellScriptBuildPhase;
			buildActionMask = 2147483647;
			files = (
			);
			inputFileListPaths = (
			);
			inputPaths = (
			);
			name = SwiftLint;
			outputFileListPaths = (
			);
			outputPaths = (
			);
			runOnlyForDeploymentPostprocessing = 0;
			shellPath = /bin/sh;
			shellScript = "";
		};
		C9BB3A91E19F668AB2756FC9 /* [CP] Check Pods Manifest.lock */ = {
			isa = PBXShellScriptBuildPhase;
			buildActionMask = 2147483647;
			files = (
			);
			inputFileListPaths = (
			);
			inputPaths = (
				"${PODS_PODFILE_DIR_PATH}/Podfile.lock",
				"${PODS_ROOT}/Manifest.lock",
			);
			name = "[CP] Check Pods Manifest.lock";
			outputFileListPaths = (
			);
			outputPaths = (
				"$(DERIVED_FILE_DIR)/Pods-AcessibilityFaceMovimentBRTests-checkManifestLockResult.txt",
			);
			runOnlyForDeploymentPostprocessing = 0;
			shellPath = /bin/sh;
			shellScript = "diff \"${PODS_PODFILE_DIR_PATH}/Podfile.lock\" \"${PODS_ROOT}/Manifest.lock\" > /dev/null\nif [ $? != 0 ] ; then\n    # print error to STDERR\n    echo \"error: The sandbox is not in sync with the Podfile.lock. Run 'pod install' or update your CocoaPods installation.\" >&2\n    exit 1\nfi\n# This output is used by Xcode 'outputs' to avoid re-running this script phase.\necho \"SUCCESS\" > \"${SCRIPT_OUTPUT_FILE_0}\"\n";
			showEnvVarsInLog = 0;
		};
/* End PBXShellScriptBuildPhase section */

/* Begin PBXSourcesBuildPhase section */
		9A2F484F25A3EA880043A2A6 /* Sources */ = {
			isa = PBXSourcesBuildPhase;
			buildActionMask = 2147483647;
			files = (
				9A1BA60925B10084007F9AF4 /* CGFloatExtension.swift in Sources */,
				9A2F485B25A3EA880043A2A6 /* ViewController.swift in Sources */,
				9A58CE5125AA6F1500948A06 /* Assets.swift in Sources */,
				9A4EDFA525AD303000DC97DA /* LimitedScreen.swift in Sources */,
				9A5E812025D02FD500B58861 /* ViewAction.swift in Sources */,
				9A5E811A25D02E7A00B58861 /* TypeStartAction.swift in Sources */,
				9A4EDFA125AD2BE300DC97DA /* MovimentDirection.swift in Sources */,
				9A5E811E25D02EFC00B58861 /* ActionProtocol.swift in Sources */,
				9AB086A025D4A81E00DF37C7 /* Position.swift in Sources */,
				9A49E77525A7CAD300F39BB9 /* MoveCursorProtocol.swift in Sources */,
				9A2F487E25A3F1A80043A2A6 /* UIImage+ImagesResources.swift in Sources */,
				9A49E76F25A7C52800F39BB9 /* AccessibilityFaceAnchor.swift in Sources */,
				9A4EDF9E25AD275300DC97DA /* MoveCursorFaceAnchor.swift in Sources */,
				9A5E812225D031CC00B58861 /* UIVIew+Position.swift in Sources */,
				9A58CE5325AA6FD400948A06 /* Constants.swift in Sources */,
				9A5E811C25D02EE800B58861 /* ActionInView.swift in Sources */,
				9A2F485725A3EA880043A2A6 /* AppDelegate.swift in Sources */,
				9A2F485925A3EA880043A2A6 /* SceneDelegate.swift in Sources */,
			);
			runOnlyForDeploymentPostprocessing = 0;
		};
		9A2F486525A3EA8F0043A2A6 /* Sources */ = {
			isa = PBXSourcesBuildPhase;
			buildActionMask = 2147483647;
			files = (
				9A2F486E25A3EA8F0043A2A6 /* AcessibilityFaceMovimentBRTests.swift in Sources */,
			);
			runOnlyForDeploymentPostprocessing = 0;
		};
/* End PBXSourcesBuildPhase section */

/* Begin PBXTargetDependency section */
		9A2F486B25A3EA8F0043A2A6 /* PBXTargetDependency */ = {
			isa = PBXTargetDependency;
			target = 9A2F485225A3EA880043A2A6 /* AcessibilityFaceMovimentBR */;
			targetProxy = 9A2F486A25A3EA8F0043A2A6 /* PBXContainerItemProxy */;
		};
/* End PBXTargetDependency section */

/* Begin PBXVariantGroup section */
		9A2F485C25A3EA880043A2A6 /* Main.storyboard */ = {
			isa = PBXVariantGroup;
			children = (
				9A2F485D25A3EA880043A2A6 /* Base */,
			);
			name = Main.storyboard;
			sourceTree = "<group>";
		};
		9A2F486125A3EA8F0043A2A6 /* LaunchScreen.storyboard */ = {
			isa = PBXVariantGroup;
			children = (
				9A2F486225A3EA8F0043A2A6 /* Base */,
			);
			name = LaunchScreen.storyboard;
			sourceTree = "<group>";
		};
/* End PBXVariantGroup section */

/* Begin XCBuildConfiguration section */
		9A2F487025A3EA8F0043A2A6 /* Debug */ = {
			isa = XCBuildConfiguration;
			buildSettings = {
				ALWAYS_SEARCH_USER_PATHS = NO;
				CLANG_ANALYZER_NONNULL = YES;
				CLANG_ANALYZER_NUMBER_OBJECT_CONVERSION = YES_AGGRESSIVE;
				CLANG_CXX_LANGUAGE_STANDARD = "gnu++14";
				CLANG_CXX_LIBRARY = "libc++";
				CLANG_ENABLE_MODULES = YES;
				CLANG_ENABLE_OBJC_ARC = YES;
				CLANG_ENABLE_OBJC_WEAK = YES;
				CLANG_WARN_BLOCK_CAPTURE_AUTORELEASING = YES;
				CLANG_WARN_BOOL_CONVERSION = YES;
				CLANG_WARN_COMMA = YES;
				CLANG_WARN_CONSTANT_CONVERSION = YES;
				CLANG_WARN_DEPRECATED_OBJC_IMPLEMENTATIONS = YES;
				CLANG_WARN_DIRECT_OBJC_ISA_USAGE = YES_ERROR;
				CLANG_WARN_DOCUMENTATION_COMMENTS = YES;
				CLANG_WARN_EMPTY_BODY = YES;
				CLANG_WARN_ENUM_CONVERSION = YES;
				CLANG_WARN_INFINITE_RECURSION = YES;
				CLANG_WARN_INT_CONVERSION = YES;
				CLANG_WARN_NON_LITERAL_NULL_CONVERSION = YES;
				CLANG_WARN_OBJC_IMPLICIT_RETAIN_SELF = YES;
				CLANG_WARN_OBJC_LITERAL_CONVERSION = YES;
				CLANG_WARN_OBJC_ROOT_CLASS = YES_ERROR;
				CLANG_WARN_RANGE_LOOP_ANALYSIS = YES;
				CLANG_WARN_STRICT_PROTOTYPES = YES;
				CLANG_WARN_SUSPICIOUS_MOVE = YES;
				CLANG_WARN_UNGUARDED_AVAILABILITY = YES_AGGRESSIVE;
				CLANG_WARN_UNREACHABLE_CODE = YES;
				CLANG_WARN__DUPLICATE_METHOD_MATCH = YES;
				COPY_PHASE_STRIP = NO;
				DEBUG_INFORMATION_FORMAT = dwarf;
				ENABLE_STRICT_OBJC_MSGSEND = YES;
				ENABLE_TESTABILITY = YES;
				GCC_C_LANGUAGE_STANDARD = gnu11;
				GCC_DYNAMIC_NO_PIC = NO;
				GCC_NO_COMMON_BLOCKS = YES;
				GCC_OPTIMIZATION_LEVEL = 0;
				GCC_PREPROCESSOR_DEFINITIONS = (
					"DEBUG=1",
					"$(inherited)",
				);
				GCC_WARN_64_TO_32_BIT_CONVERSION = YES;
				GCC_WARN_ABOUT_RETURN_TYPE = YES_ERROR;
				GCC_WARN_UNDECLARED_SELECTOR = YES;
				GCC_WARN_UNINITIALIZED_AUTOS = YES_AGGRESSIVE;
				GCC_WARN_UNUSED_FUNCTION = YES;
				GCC_WARN_UNUSED_VARIABLE = YES;
				IPHONEOS_DEPLOYMENT_TARGET = 13.7;
				MTL_ENABLE_DEBUG_INFO = INCLUDE_SOURCE;
				MTL_FAST_MATH = YES;
				ONLY_ACTIVE_ARCH = YES;
				SDKROOT = iphoneos;
				SWIFT_ACTIVE_COMPILATION_CONDITIONS = DEBUG;
				SWIFT_OPTIMIZATION_LEVEL = "-Onone";
			};
			name = Debug;
		};
		9A2F487125A3EA8F0043A2A6 /* Release */ = {
			isa = XCBuildConfiguration;
			buildSettings = {
				ALWAYS_SEARCH_USER_PATHS = NO;
				CLANG_ANALYZER_NONNULL = YES;
				CLANG_ANALYZER_NUMBER_OBJECT_CONVERSION = YES_AGGRESSIVE;
				CLANG_CXX_LANGUAGE_STANDARD = "gnu++14";
				CLANG_CXX_LIBRARY = "libc++";
				CLANG_ENABLE_MODULES = YES;
				CLANG_ENABLE_OBJC_ARC = YES;
				CLANG_ENABLE_OBJC_WEAK = YES;
				CLANG_WARN_BLOCK_CAPTURE_AUTORELEASING = YES;
				CLANG_WARN_BOOL_CONVERSION = YES;
				CLANG_WARN_COMMA = YES;
				CLANG_WARN_CONSTANT_CONVERSION = YES;
				CLANG_WARN_DEPRECATED_OBJC_IMPLEMENTATIONS = YES;
				CLANG_WARN_DIRECT_OBJC_ISA_USAGE = YES_ERROR;
				CLANG_WARN_DOCUMENTATION_COMMENTS = YES;
				CLANG_WARN_EMPTY_BODY = YES;
				CLANG_WARN_ENUM_CONVERSION = YES;
				CLANG_WARN_INFINITE_RECURSION = YES;
				CLANG_WARN_INT_CONVERSION = YES;
				CLANG_WARN_NON_LITERAL_NULL_CONVERSION = YES;
				CLANG_WARN_OBJC_IMPLICIT_RETAIN_SELF = YES;
				CLANG_WARN_OBJC_LITERAL_CONVERSION = YES;
				CLANG_WARN_OBJC_ROOT_CLASS = YES_ERROR;
				CLANG_WARN_RANGE_LOOP_ANALYSIS = YES;
				CLANG_WARN_STRICT_PROTOTYPES = YES;
				CLANG_WARN_SUSPICIOUS_MOVE = YES;
				CLANG_WARN_UNGUARDED_AVAILABILITY = YES_AGGRESSIVE;
				CLANG_WARN_UNREACHABLE_CODE = YES;
				CLANG_WARN__DUPLICATE_METHOD_MATCH = YES;
				COPY_PHASE_STRIP = NO;
				DEBUG_INFORMATION_FORMAT = "dwarf-with-dsym";
				ENABLE_NS_ASSERTIONS = NO;
				ENABLE_STRICT_OBJC_MSGSEND = YES;
				GCC_C_LANGUAGE_STANDARD = gnu11;
				GCC_NO_COMMON_BLOCKS = YES;
				GCC_WARN_64_TO_32_BIT_CONVERSION = YES;
				GCC_WARN_ABOUT_RETURN_TYPE = YES_ERROR;
				GCC_WARN_UNDECLARED_SELECTOR = YES;
				GCC_WARN_UNINITIALIZED_AUTOS = YES_AGGRESSIVE;
				GCC_WARN_UNUSED_FUNCTION = YES;
				GCC_WARN_UNUSED_VARIABLE = YES;
				IPHONEOS_DEPLOYMENT_TARGET = 13.7;
				MTL_ENABLE_DEBUG_INFO = NO;
				MTL_FAST_MATH = YES;
				SDKROOT = iphoneos;
				SWIFT_COMPILATION_MODE = wholemodule;
				SWIFT_OPTIMIZATION_LEVEL = "-O";
				VALIDATE_PRODUCT = YES;
			};
			name = Release;
		};
		9A2F487325A3EA8F0043A2A6 /* Debug */ = {
			isa = XCBuildConfiguration;
			baseConfigurationReference = 9CA8C3FDF5F9C4E736F9F0A1 /* Pods-AcessibilityFaceMovimentBR.debug.xcconfig */;
			buildSettings = {
				ASSETCATALOG_COMPILER_APPICON_NAME = AppIcon;
				CODE_SIGN_STYLE = Automatic;
				DEVELOPMENT_TEAM = N4MVZWV284;
				INFOPLIST_FILE = AcessibilityFaceMovimentBR/SupportFiles/Info.plist;
				IPHONEOS_DEPLOYMENT_TARGET = 13.0;
				LD_RUNPATH_SEARCH_PATHS = (
					"$(inherited)",
					"@executable_path/Frameworks",
				);
				PRODUCT_BUNDLE_IDENTIFIER = com.joaoBatista.AcessibilityFace;
				PRODUCT_NAME = "$(TARGET_NAME)";
				SWIFT_VERSION = 5.0;
				TARGETED_DEVICE_FAMILY = "1,2";
			};
			name = Debug;
		};
		9A2F487425A3EA8F0043A2A6 /* Release */ = {
			isa = XCBuildConfiguration;
			baseConfigurationReference = BAA48ED0EA9DADD247F51A8C /* Pods-AcessibilityFaceMovimentBR.release.xcconfig */;
			buildSettings = {
				ASSETCATALOG_COMPILER_APPICON_NAME = AppIcon;
				CODE_SIGN_STYLE = Automatic;
				DEVELOPMENT_TEAM = N4MVZWV284;
				INFOPLIST_FILE = AcessibilityFaceMovimentBR/SupportFiles/Info.plist;
				IPHONEOS_DEPLOYMENT_TARGET = 13.0;
				LD_RUNPATH_SEARCH_PATHS = (
					"$(inherited)",
					"@executable_path/Frameworks",
				);
				PRODUCT_BUNDLE_IDENTIFIER = com.joaoBatista.AcessibilityFace;
				PRODUCT_NAME = "$(TARGET_NAME)";
				SWIFT_VERSION = 5.0;
				TARGETED_DEVICE_FAMILY = "1,2";
			};
			name = Release;
		};
		9A2F487625A3EA8F0043A2A6 /* Debug */ = {
			isa = XCBuildConfiguration;
			baseConfigurationReference = 36F416FDD173D9B3E365F6B3 /* Pods-AcessibilityFaceMovimentBRTests.debug.xcconfig */;
			buildSettings = {
				ALWAYS_EMBED_SWIFT_STANDARD_LIBRARIES = YES;
				BUNDLE_LOADER = "$(TEST_HOST)";
				CODE_SIGN_STYLE = Automatic;
				INFOPLIST_FILE = AcessibilityFaceMovimentBRTests/Info.plist;
				IPHONEOS_DEPLOYMENT_TARGET = 13.7;
				LD_RUNPATH_SEARCH_PATHS = (
					"$(inherited)",
					"@executable_path/Frameworks",
					"@loader_path/Frameworks",
				);
				PRODUCT_BUNDLE_IDENTIFIER = com.joaoBatista.AcessibilityFaceMovimentBRTests;
				PRODUCT_NAME = "$(TARGET_NAME)";
				SWIFT_VERSION = 5.0;
				TARGETED_DEVICE_FAMILY = "1,2";
				TEST_HOST = "$(BUILT_PRODUCTS_DIR)/AcessibilityFaceMovimentBR.app/AcessibilityFaceMovimentBR";
			};
			name = Debug;
		};
		9A2F487725A3EA8F0043A2A6 /* Release */ = {
			isa = XCBuildConfiguration;
			baseConfigurationReference = A23B29D2B6A7E8BF9CAEFE40 /* Pods-AcessibilityFaceMovimentBRTests.release.xcconfig */;
			buildSettings = {
				ALWAYS_EMBED_SWIFT_STANDARD_LIBRARIES = YES;
				BUNDLE_LOADER = "$(TEST_HOST)";
				CODE_SIGN_STYLE = Automatic;
				INFOPLIST_FILE = AcessibilityFaceMovimentBRTests/Info.plist;
				IPHONEOS_DEPLOYMENT_TARGET = 13.7;
				LD_RUNPATH_SEARCH_PATHS = (
					"$(inherited)",
					"@executable_path/Frameworks",
					"@loader_path/Frameworks",
				);
				PRODUCT_BUNDLE_IDENTIFIER = com.joaoBatista.AcessibilityFaceMovimentBRTests;
				PRODUCT_NAME = "$(TARGET_NAME)";
				SWIFT_VERSION = 5.0;
				TARGETED_DEVICE_FAMILY = "1,2";
				TEST_HOST = "$(BUILT_PRODUCTS_DIR)/AcessibilityFaceMovimentBR.app/AcessibilityFaceMovimentBR";
			};
			name = Release;
		};
/* End XCBuildConfiguration section */

/* Begin XCConfigurationList section */
		9A2F484E25A3EA880043A2A6 /* Build configuration list for PBXProject "AcessibilityFaceMovimentBR" */ = {
			isa = XCConfigurationList;
			buildConfigurations = (
				9A2F487025A3EA8F0043A2A6 /* Debug */,
				9A2F487125A3EA8F0043A2A6 /* Release */,
			);
			defaultConfigurationIsVisible = 0;
			defaultConfigurationName = Release;
		};
		9A2F487225A3EA8F0043A2A6 /* Build configuration list for PBXNativeTarget "AcessibilityFaceMovimentBR" */ = {
			isa = XCConfigurationList;
			buildConfigurations = (
				9A2F487325A3EA8F0043A2A6 /* Debug */,
				9A2F487425A3EA8F0043A2A6 /* Release */,
			);
			defaultConfigurationIsVisible = 0;
			defaultConfigurationName = Release;
		};
		9A2F487525A3EA8F0043A2A6 /* Build configuration list for PBXNativeTarget "AcessibilityFaceMovimentBRTests" */ = {
			isa = XCConfigurationList;
			buildConfigurations = (
				9A2F487625A3EA8F0043A2A6 /* Debug */,
				9A2F487725A3EA8F0043A2A6 /* Release */,
			);
			defaultConfigurationIsVisible = 0;
			defaultConfigurationName = Release;
		};
/* End XCConfigurationList section */
	};
	rootObject = 9A2F484B25A3EA880043A2A6 /* Project object */;
}
